%{"amqp": {:hex, :amqp, "0.1.4", "5d9112c3a850234559073c23fda173364dfd11d8ce8d0138cd46f653fdc55f08", [:mix], [{:amqp_client, ">= 3.5.6", [hex: :amqp_client, optional: false]}]},
  "amqp_client": {:git, "https://github.com/dsrosario/amqp_client.git", "3b3086534875c783803fcef7c5befaddd57a4561", [branch: "erlang_otp_19"]},
  "bunt": {:hex, :bunt, "0.2.0", "951c6e801e8b1d2cbe58ebbd3e616a869061ddadcc4863d0a2182541acae9a38", [:mix], []},
  "credo": {:hex, :credo, "0.7.3", "9827ab04002186af1aec014a811839a06f72aaae6cd5eed3919b248c8767dbf3", [:mix], [{:bunt, "~> 0.2.0", [hex: :bunt, optional: false]}]},
  "dialyxir": {:hex, :dialyxir, "0.3.5", "eaba092549e044c76f83165978979f60110dc58dd5b92fd952bf2312f64e9b14", [:mix], []},
  "espec": {:hex, :espec, "1.4.0", "03d71f94035d2f6cd072639ce0fa5f8422a1404755bde4a66c44e6814b544bd4", [:mix], [{:meck, "0.8.4", [hex: :meck, optional: false]}]},
  "ex_statsd": {:hex, :ex_statsd, "0.5.3", "e86dd97e25dbc80786e7d22b3c5537f2052a7e12daaaa7e6f2b9c34d03dbbd44", [:mix], []},
  "jiffy": {:git, "https://github.com/davisp/jiffy.git", "a13b9e1ec9849a3bc385fdbd42d5de63c6681bf5", []},
  "meck": {:hex, :meck, "0.8.4", "59ca1cd971372aa223138efcf9b29475bde299e1953046a0c727184790ab1520", [:make, :rebar], []},
  "poolboy": {:hex, :poolboy, "1.5.1", "6b46163901cfd0a1b43d692657ed9d7e599853b3b21b95ae5ae0a777cf9b6ca8", [:rebar], []},
  "rabbit_common": {:git, "https://github.com/jbrisbin/rabbit_common.git", "eea16abd375981d16595d2cefaac893c7281187b", [tag: "rabbitmq-3.5.6"]}}
